<?xml version="1.0" encoding="utf-8"?>
<Project ToolsVersion="4.0" xmlns="http://schemas.microsoft.com/developer/msbuild/2003">
  <ItemGroup>
    <Filter Include="Source Files">
      <UniqueIdentifier>{4FC737F1-C7A5-4376-A066-2A32D752A2FF}</UniqueIdentifier>
      <Extensions>cpp;c;cc;cxx;def;odl;idl;hpj;bat;asm;asmx</Extensions>
    </Filter>
    <Filter Include="Header Files">
      <UniqueIdentifier>{93995380-89BD-4b04-88EB-625FBE52EBFB}</UniqueIdentifier>
      <Extensions>h;hh;hpp;hxx;hm;inl;inc;ipp;xsd</Extensions>
    </Filter>
    <Filter Include="Resource Files">
      <UniqueIdentifier>{67DA6AB6-F800-4c08-8B7A-83BB121AAD01}</UniqueIdentifier>
      <Extensions>rc;ico;cur;bmp;dlg;rc2;rct;bin;rgs;gif;jpg;jpeg;jpe;resx;tiff;tif;png;wav;mfcribbon-ms</Extensions>
    </Filter>
    <Filter Include="Header Files\Systems">
      <UniqueIdentifier>{cd940ed4-9bc9-4d30-967e-ebb743d22900}</UniqueIdentifier>
    </Filter>
    <Filter Include="Header Files\DataTypes">
      <UniqueIdentifier>{d836378f-ba24-4034-a81d-019f910ed6e2}</UniqueIdentifier>
    </Filter>
    <Filter Include="Source Files\DataTypes">
      <UniqueIdentifier>{8fa6cc8d-c13a-440d-ae3f-9dc214f083ca}</UniqueIdentifier>
    </Filter>
    <Filter Include="Header Files\Game">
      <UniqueIdentifier>{6c1407b6-7b6c-4ae0-bc76-e8ae980b01d7}</UniqueIdentifier>
    </Filter>
    <Filter Include="Source Files\Game">
      <UniqueIdentifier>{f1b35ac5-4907-4683-85aa-4ebfff49f1e0}</UniqueIdentifier>
    </Filter>
    <Filter Include="Header Files\Game\Enemies">
      <UniqueIdentifier>{ff421208-cbff-4f22-9c11-5843c98743a0}</UniqueIdentifier>
    </Filter>
    <Filter Include="Source Files\Game\Pickups">
      <UniqueIdentifier>{746e6041-595f-40ae-b301-79a70e2d3f72}</UniqueIdentifier>
    </Filter>
    <Filter Include="Source Files\Game\GUI">
      <UniqueIdentifier>{b717d80f-2e2e-4f0b-af98-a4343e7db122}</UniqueIdentifier>
    </Filter>
  </ItemGroup>
  <ItemGroup>
    <ClCompile Include="Vector2.cpp">
      <Filter>Source Files\DataTypes</Filter>
    </ClCompile>
    <ClCompile Include="Rectangle.cpp">
      <Filter>Source Files\DataTypes</Filter>
    </ClCompile>
    <ClCompile Include="Sprite.cpp">
      <Filter>Source Files\DataTypes</Filter>
    </ClCompile>
    <ClCompile Include="Color.cpp">
      <Filter>Source Files\DataTypes</Filter>
    </ClCompile>
    <ClCompile Include="Image.cpp">
      <Filter>Source Files\DataTypes</Filter>
    </ClCompile>
    <ClCompile Include="Transform.cpp">
      <Filter>Source Files\DataTypes</Filter>
    </ClCompile>
    <ClCompile Include="Collider.cpp">
      <Filter>Source Files\DataTypes</Filter>
    </ClCompile>
    <ClCompile Include="Game.cpp">
      <Filter>Source Files\Game</Filter>
    </ClCompile>
    <ClCompile Include="Sound.cpp">
      <Filter>Source Files\DataTypes</Filter>
    </ClCompile>
    <ClCompile Include="Font.cpp">
      <Filter>Source Files\DataTypes</Filter>
    </ClCompile>
    <ClCompile Include="Music.cpp">
      <Filter>Source Files\DataTypes</Filter>
    </ClCompile>
    <ClCompile Include="Entity.cpp">
      <Filter>Source Files\Game</Filter>
    </ClCompile>
    <ClCompile Include="Player.cpp">
      <Filter>Source Files\Game</Filter>
    </ClCompile>
    <ClCompile Include="Controls.cpp">
      <Filter>Source Files\Game</Filter>
    </ClCompile>
    <ClCompile Include="Inventory.cpp">
      <Filter>Source Files\Game</Filter>
    </ClCompile>
    <ClCompile Include="Item.cpp">
      <Filter>Source Files\Game</Filter>
    </ClCompile>
    <ClCompile Include="UI.cpp">
      <Filter>Source Files\Game</Filter>
    </ClCompile>
    <ClCompile Include="AnimationState.cpp">
      <Filter>Source Files\Game</Filter>
    </ClCompile>
    <ClCompile Include="AnimatorController.cpp">
      <Filter>Source Files\Game</Filter>
    </ClCompile>
    <ClCompile Include="Camera.cpp">
      <Filter>Source Files\Game</Filter>
    </ClCompile>
    <ClCompile Include="Enemy.cpp">
      <Filter>Source Files\Game</Filter>
    </ClCompile>
    <ClCompile Include="main.cpp">
      <Filter>Source Files\Game</Filter>
    </ClCompile>
    <ClCompile Include="SpriteCutter.cpp">
      <Filter>Source Files\Game</Filter>
    </ClCompile>
    <ClCompile Include="Sword.cpp">
      <Filter>Source Files\Game</Filter>
    </ClCompile>
    <ClCompile Include="Tilemap.cpp">
      <Filter>Source Files\Game</Filter>
    </ClCompile>
    <ClCompile Include="Octorok.cpp">
      <Filter>Source Files\Game</Filter>
    </ClCompile>
    <ClCompile Include="Random.cpp">
      <Filter>Source Files</Filter>
    </ClCompile>
    <ClCompile Include="Particle.cpp">
      <Filter>Source Files</Filter>
    </ClCompile>
    <ClCompile Include="Projectile.cpp">
      <Filter>Source Files</Filter>
    </ClCompile>
    <ClCompile Include="HeartPickup.cpp">
      <Filter>Source Files\Game\Pickups</Filter>
    </ClCompile>
    <ClCompile Include="GUIButton.cpp">
      <Filter>Source Files</Filter>
    </ClCompile>
  </ItemGroup>
  <ItemGroup>
    <ClInclude Include="RenderManager.h">
      <Filter>Header Files\Systems</Filter>
    </ClInclude>
    <ClInclude Include="ResourceManager.h">
      <Filter>Header Files\Systems</Filter>
    </ClInclude>
    <ClInclude Include="Collider.h">
      <Filter>Header Files\DataTypes</Filter>
    </ClInclude>
    <ClInclude Include="Color.h">
      <Filter>Header Files\DataTypes</Filter>
    </ClInclude>
    <ClInclude Include="Image.h">
      <Filter>Header Files\DataTypes</Filter>
    </ClInclude>
    <ClInclude Include="Rectangle.h">
      <Filter>Header Files\DataTypes</Filter>
    </ClInclude>
    <ClInclude Include="Sprite.h">
      <Filter>Header Files\DataTypes</Filter>
    </ClInclude>
    <ClInclude Include="Transform.h">
      <Filter>Header Files\DataTypes</Filter>
    </ClInclude>
    <ClInclude Include="Vector2.h">
      <Filter>Header Files\DataTypes</Filter>
    </ClInclude>
    <ClInclude Include="Game.h">
      <Filter>Header Files\Game</Filter>
    </ClInclude>
    <ClInclude Include="CollisionManager.h">
      <Filter>Header Files\Systems</Filter>
    </ClInclude>
    <ClInclude Include="Sound.h">
      <Filter>Header Files\DataTypes</Filter>
    </ClInclude>
    <ClInclude Include="SoundManager.h">
      <Filter>Header Files\Systems</Filter>
    </ClInclude>
    <ClInclude Include="Font.h">
      <Filter>Header Files\DataTypes</Filter>
    </ClInclude>
    <ClInclude Include="Text.h">
      <Filter>Header Files\DataTypes</Filter>
    </ClInclude>
    <ClInclude Include="KeyCode.h">
      <Filter>Header Files\DataTypes</Filter>
    </ClInclude>
    <ClInclude Include="Music.h">
      <Filter>Header Files\DataTypes</Filter>
    </ClInclude>
    <ClInclude Include="ScreenDimentions.h">
      <Filter>Header Files\Game</Filter>
    </ClInclude>
    <ClInclude Include="Entity.h">
      <Filter>Header Files\Game</Filter>
    </ClInclude>
    <ClInclude Include="Tilemap.h">
      <Filter>Header Files\Game</Filter>
    </ClInclude>
    <ClInclude Include="Player.h">
      <Filter>Header Files\Game</Filter>
    </ClInclude>
    <ClInclude Include="Inventory.h">
      <Filter>Header Files\Game</Filter>
    </ClInclude>
    <ClInclude Include="Item.h">
      <Filter>Header Files\Game</Filter>
    </ClInclude>
    <ClInclude Include="UI.h">
      <Filter>Header Files\Game</Filter>
    </ClInclude>
    <ClInclude Include="AnimationState.h">
      <Filter>Header Files\Game</Filter>
    </ClInclude>
    <ClInclude Include="AnimatorController.h">
      <Filter>Header Files\Game</Filter>
    </ClInclude>
    <ClInclude Include="Camera.h">
      <Filter>Header Files\Game</Filter>
    </ClInclude>
    <ClInclude Include="Controls.h">
      <Filter>Header Files\Game</Filter>
    </ClInclude>
    <ClInclude Include="Enemy.h">
      <Filter>Header Files\Game</Filter>
    </ClInclude>
    <ClInclude Include="SpriteCutter.h">
      <Filter>Header Files\Game</Filter>
    </ClInclude>
    <ClInclude Include="Sword.h">
      <Filter>Header Files\Game</Filter>
    </ClInclude>
    <ClInclude Include="Octorok.h">
      <Filter>Header Files\Game\Enemies</Filter>
    </ClInclude>
    <ClInclude Include="Random.h">
      <Filter>Header Files</Filter>
    </ClInclude>
    <ClInclude Include="Particle.h">
      <Filter>Header Files</Filter>
    </ClInclude>
    <ClInclude Include="Projectile.h">
      <Filter>Header Files</Filter>
    </ClInclude>
    <ClInclude Include="HeartPickup.h">
      <Filter>Header Files</Filter>
    </ClInclude>
    <ClInclude Include="GUIButton.h">
      <Filter>Header Files</Filter>
    </ClInclude>
  </ItemGroup>
</Project>